{
  "pins" : [
    {
      "identity" : "popupview",
      "kind" : "remoteSourceControl",
      "location" : "https://github.com/exyte/PopupView.git",
      "state" : {
        "revision" : "0e771e413cc4727dbdad9ed81f0d4713f271fc43",
        "version" : "2.8.2"
      }
    }
  ],
  "version" : 2
}
