// !$*UTF8*$!
{
	archiveVersion = 1;
	classes = {
	};
	objectVersion = 56;
	objects = {

/* Begin PBXBuildFile section */
		6FA7B7C52B00C9750069602F /* CircleButton.swift in Sources */ = {isa = PBXBuildFile; fileRef = 6FA7B7C42B00C9750069602F /* CircleButton.swift */; };
		6FA7B7C92B00DB860069602F /* TaskAddView.swift in Sources */ = {isa = PBXBuildFile; fileRef = 6FA7B7C82B00DB860069602F /* TaskAddView.swift */; };
		6FDD59B72B009E9E00D7148D /* TodoApp.swift in Sources */ = {isa = PBXBuildFile; fileRef = 6FDD59B62B009E9E00D7148D /* TodoApp.swift */; };
		6FDD59B92B009E9E00D7148D /* ContentView.swift in Sources */ = {isa = PBXBuildFile; fileRef = 6FDD59B82B009E9E00D7148D /* ContentView.swift */; };
		6FDD59BB2B009EA000D7148D /* Assets.xcassets in Resources */ = {isa = PBXBuildFile; fileRef = 6FDD59BA2B009EA000D7148D /* Assets.xcassets */; };
		6FDD59BE2B009EA000D7148D /* Preview Assets.xcassets in Resources */ = {isa = PBXBuildFile; fileRef = 6FDD59BD2B009EA000D7148D /* Preview Assets.xcassets */; };
		6FDD59C62B009FF600D7148D /* MainView.swift in Sources */ = {isa = PBXBuildFile; fileRef = 6FDD59C52B009FF600D7148D /* MainView.swift */; };
		6FDD59C82B00A00600D7148D /* FavoriteView.swift in Sources */ = {isa = PBXBuildFile; fileRef = 6FDD59C72B00A00600D7148D /* FavoriteView.swift */; };
		6FDD59CA2B00A0D400D7148D /* TaskEmptyView.swift in Sources */ = {isa = PBXBuildFile; fileRef = 6FDD59C92B00A0D400D7148D /* TaskEmptyView.swift */; };
		6FDD59D12B00ACBE00D7148D /* Pretendard-Regular.otf in Resources */ = {isa = PBXBuildFile; fileRef = 6FDD59CD2B00ACBE00D7148D /* Pretendard-Regular.otf */; };
		6FDD59D22B00ACBE00D7148D /* Pretendard-Medium.otf in Resources */ = {isa = PBXBuildFile; fileRef = 6FDD59CE2B00ACBE00D7148D /* Pretendard-Medium.otf */; };
		6FDD59D32B00ACBE00D7148D /* StretchPro.otf in Resources */ = {isa = PBXBuildFile; fileRef = 6FDD59CF2B00ACBE00D7148D /* StretchPro.otf */; };
		6FDD59D42B00ACBE00D7148D /* Pretendard-SemiBold.otf in Resources */ = {isa = PBXBuildFile; fileRef = 6FDD59D02B00ACBE00D7148D /* Pretendard-SemiBold.otf */; };
		6FDD59D72B00AF9600D7148D /* Font.swift in Sources */ = {isa = PBXBuildFile; fileRef = 6FDD59D62B00AF9600D7148D /* Font.swift */; };
		6FDD59D92B00B12900D7148D /* Color.swift in Sources */ = {isa = PBXBuildFile; fileRef = 6FDD59D82B00B12900D7148D /* Color.swift */; };
		6FDD59DD2B00BE3E00D7148D /* TaskListItemView.swift in Sources */ = {isa = PBXBuildFile; fileRef = 6FDD59DC2B00BE3E00D7148D /* TaskListItemView.swift */; };
		6FF8073C2B02728400B2F956 /* TaskModel.swift in Sources */ = {isa = PBXBuildFile; fileRef = 6FF8073B2B02728400B2F956 /* TaskModel.swift */; };
		6FF8073E2B0272D700B2F956 /* TaskManager.swift in Sources */ = {isa = PBXBuildFile; fileRef = 6FF8073D2B0272D700B2F956 /* TaskManager.swift */; };
/* End PBXBuildFile section */

/* Begin PBXFileReference section */
		6FA7B7C42B00C9750069602F /* CircleButton.swift */ = {isa = PBXFileReference; lastKnownFileType = sourcecode.swift; path = CircleButton.swift; sourceTree = "<group>"; };
		6FA7B7C82B00DB860069602F /* TaskAddView.swift */ = {isa = PBXFileReference; lastKnownFileType = sourcecode.swift; path = TaskAddView.swift; sourceTree = "<group>"; };
		6FDD59B32B009E9E00D7148D /* Todo.app */ = {isa = PBXFileReference; explicitFileType = wrapper.application; includeInIndex = 0; path = Todo.app; sourceTree = BUILT_PRODUCTS_DIR; };
		6FDD59B62B009E9E00D7148D /* TodoApp.swift */ = {isa = PBXFileReference; lastKnownFileType = sourcecode.swift; path = TodoApp.swift; sourceTree = "<group>"; };
		6FDD59B82B009E9E00D7148D /* ContentView.swift */ = {isa = PBXFileReference; lastKnownFileType = sourcecode.swift; path = ContentView.swift; sourceTree = "<group>"; };
		6FDD59BA2B009EA000D7148D /* Assets.xcassets */ = {isa = PBXFileReference; lastKnownFileType = folder.assetcatalog; path = Assets.xcassets; sourceTree = "<group>"; };
		6FDD59BD2B009EA000D7148D /* Preview Assets.xcassets */ = {isa = PBXFileReference; lastKnownFileType = folder.assetcatalog; path = "Preview Assets.xcassets"; sourceTree = "<group>"; };
		6FDD59C52B009FF600D7148D /* MainView.swift */ = {isa = PBXFileReference; lastKnownFileType = sourcecode.swift; path = MainView.swift; sourceTree = "<group>"; };
		6FDD59C72B00A00600D7148D /* FavoriteView.swift */ = {isa = PBXFileReference; lastKnownFileType = sourcecode.swift; path = FavoriteView.swift; sourceTree = "<group>"; };
		6FDD59C92B00A0D400D7148D /* TaskEmptyView.swift */ = {isa = PBXFileReference; lastKnownFileType = sourcecode.swift; path = TaskEmptyView.swift; sourceTree = "<group>"; };
		6FDD59CD2B00ACBE00D7148D /* Pretendard-Regular.otf */ = {isa = PBXFileReference; lastKnownFileType = file; path = "Pretendard-Regular.otf"; sourceTree = "<group>"; };
		6FDD59CE2B00ACBE00D7148D /* Pretendard-Medium.otf */ = {isa = PBXFileReference; lastKnownFileType = file; path = "Pretendard-Medium.otf"; sourceTree = "<group>"; };
		6FDD59CF2B00ACBE00D7148D /* StretchPro.otf */ = {isa = PBXFileReference; lastKnownFileType = file; path = StretchPro.otf; sourceTree = "<group>"; };
		6FDD59D02B00ACBE00D7148D /* Pretendard-SemiBold.otf */ = {isa = PBXFileReference; lastKnownFileType = file; path = "Pretendard-SemiBold.otf"; sourceTree = "<group>"; };
		6FDD59D52B00ADEC00D7148D /* Info.plist */ = {isa = PBXFileReference; lastKnownFileType = text.plist; path = Info.plist; sourceTree = "<group>"; };
		6FDD59D62B00AF9600D7148D /* Font.swift */ = {isa = PBXFileReference; lastKnownFileType = sourcecode.swift; path = Font.swift; sourceTree = "<group>"; };
		6FDD59D82B00B12900D7148D /* Color.swift */ = {isa = PBXFileReference; lastKnownFileType = sourcecode.swift; path = Color.swift; sourceTree = "<group>"; };
		6FDD59DC2B00BE3E00D7148D /* TaskListItemView.swift */ = {isa = PBXFileReference; lastKnownFileType = sourcecode.swift; path = TaskListItemView.swift; sourceTree = "<group>"; };
		6FF8073B2B02728400B2F956 /* TaskModel.swift */ = {isa = PBXFileReference; lastKnownFileType = sourcecode.swift; path = TaskModel.swift; sourceTree = "<group>"; };
		6FF8073D2B0272D700B2F956 /* TaskManager.swift */ = {isa = PBXFileReference; lastKnownFileType = sourcecode.swift; path = TaskManager.swift; sourceTree = "<group>"; };
/* End PBXFileReference section */

/* Begin PBXFrameworksBuildPhase section */
		6FDD59B02B009E9E00D7148D /* Frameworks */ = {
			isa = PBXFrameworksBuildPhase;
			buildActionMask = 2147483647;
			files = (
			);
			runOnlyForDeploymentPostprocessing = 0;
		};
/* End PBXFrameworksBuildPhase section */

/* Begin PBXGroup section */
		6FDD59AA2B009E9E00D7148D = {
			isa = PBXGroup;
			children = (
				6FDD59B52B009E9E00D7148D /* Todo */,
				6FDD59B42B009E9E00D7148D /* Products */,
			);
			sourceTree = "<group>";
		};
		6FDD59B42B009E9E00D7148D /* Products */ = {
			isa = PBXGroup;
			children = (
				6FDD59B32B009E9E00D7148D /* Todo.app */,
			);
			name = Products;
			sourceTree = "<group>";
		};
		6FDD59B52B009E9E00D7148D /* Todo */ = {
			isa = PBXGroup;
			children = (
				6FF8073A2B026A6500B2F956 /* Model */,
				6FDD59D52B00ADEC00D7148D /* Info.plist */,
				6FDD59B62B009E9E00D7148D /* TodoApp.swift */,
				6FDD59B82B009E9E00D7148D /* ContentView.swift */,
				6FDD59C42B009FE700D7148D /* View */,
				6FDD59CB2B00AC7E00D7148D /* Asset */,
				6FDD59BA2B009EA000D7148D /* Assets.xcassets */,
				6FDD59BC2B009EA000D7148D /* Preview Content */,
			);
			path = Todo;
			sourceTree = "<group>";
		};
		6FDD59BC2B009EA000D7148D /* Preview Content */ = {
			isa = PBXGroup;
			children = (
				6FDD59BD2B009EA000D7148D /* Preview Assets.xcassets */,
			);
			path = "Preview Content";
			sourceTree = "<group>";
		};
		6FDD59C42B009FE700D7148D /* View */ = {
			isa = PBXGroup;
			children = (
				6FDD59DA2B00BE0100D7148D /* Main */,
				6FDD59DB2B00BE0900D7148D /* Favorite */,
				6FA7B7C42B00C9750069602F /* CircleButton.swift */,
				6FA7B7C82B00DB860069602F /* TaskAddView.swift */,
			);
			path = View;
			sourceTree = "<group>";
		};
		6FDD59CB2B00AC7E00D7148D /* Asset */ = {
			isa = PBXGroup;
			children = (
				6FDD59CC2B00ACBE00D7148D /* fonts */,
				6FDD59D62B00AF9600D7148D /* Font.swift */,
				6FDD59D82B00B12900D7148D /* Color.swift */,
			);
			path = Asset;
			sourceTree = "<group>";
		};
		6FDD59CC2B00ACBE00D7148D /* fonts */ = {
			isa = PBXGroup;
			children = (
				6FDD59CD2B00ACBE00D7148D /* Pretendard-Regular.otf */,
				6FDD59CE2B00ACBE00D7148D /* Pretendard-Medium.otf */,
				6FDD59CF2B00ACBE00D7148D /* StretchPro.otf */,
				6FDD59D02B00ACBE00D7148D /* Pretendard-SemiBold.otf */,
			);
			path = fonts;
			sourceTree = "<group>";
		};
		6FDD59DA2B00BE0100D7148D /* Main */ = {
			isa = PBXGroup;
			children = (
				6FDD59C52B009FF600D7148D /* MainView.swift */,
				6FDD59C92B00A0D400D7148D /* TaskEmptyView.swift */,
				6FDD59DC2B00BE3E00D7148D /* TaskListItemView.swift */,
			);
			path = Main;
			sourceTree = "<group>";
		};
		6FDD59DB2B00BE0900D7148D /* Favorite */ = {
			isa = PBXGroup;
			children = (
				6FDD59C72B00A00600D7148D /* FavoriteView.swift */,
			);
			path = Favorite;
			sourceTree = "<group>";
		};
		6FF8073A2B026A6500B2F956 /* Model */ = {
			isa = PBXGroup;
			children = (
				6FF8073B2B02728400B2F956 /* TaskModel.swift */,
				6FF8073D2B0272D700B2F956 /* TaskManager.swift */,
			);
			path = Model;
			sourceTree = "<group>";
		};
/* End PBXGroup section */

/* Begin PBXNativeTarget section */
		6FDD59B22B009E9E00D7148D /* Todo */ = {
			isa = PBXNativeTarget;
			buildConfigurationList = 6FDD59C12B009EA000D7148D /* Build configuration list for PBXNativeTarget "Todo" */;
			buildPhases = (
				6FDD59AF2B009E9E00D7148D /* Sources */,
				6FDD59B02B009E9E00D7148D /* Frameworks */,
				6FDD59B12B009E9E00D7148D /* Resources */,
			);
			buildRules = (
			);
			dependencies = (
			);
			name = Todo;
			productName = Todo;
			productReference = 6FDD59B32B009E9E00D7148D /* Todo.app */;
			productType = "com.apple.product-type.application";
		};
/* End PBXNativeTarget section */

/* Begin PBXProject section */
		6FDD59AB2B009E9E00D7148D /* Project object */ = {
			isa = PBXProject;
			attributes = {
				BuildIndependentTargetsInParallel = 1;
				LastSwiftUpdateCheck = 1500;
				LastUpgradeCheck = 1500;
				TargetAttributes = {
					6FDD59B22B009E9E00D7148D = {
						CreatedOnToolsVersion = 15.0.1;
					};
				};
			};
			buildConfigurationList = 6FDD59AE2B009E9E00D7148D /* Build configuration list for PBXProject "Todo" */;
			compatibilityVersion = "Xcode 14.0";
			developmentRegion = en;
			hasScannedForEncodings = 0;
			knownRegions = (
				en,
				Base,
			);
			mainGroup = 6FDD59AA2B009E9E00D7148D;
			productRefGroup = 6FDD59B42B009E9E00D7148D /* Products */;
			projectDirPath = "";
			projectRoot = "";
			targets = (
				6FDD59B22B009E9E00D7148D /* Todo */,
			);
		};
/* End PBXProject section */

/* Begin PBXResourcesBuildPhase section */
		6FDD59B12B009E9E00D7148D /* Resources */ = {
			isa = PBXResourcesBuildPhase;
			buildActionMask = 2147483647;
			files = (
				6FDD59D32B00ACBE00D7148D /* StretchPro.otf in Resources */,
				6FDD59BE2B009EA000D7148D /* Preview Assets.xcassets in Resources */,
				6FDD59D12B00ACBE00D7148D /* Pretendard-Regular.otf in Resources */,
				6FDD59D42B00ACBE00D7148D /* Pretendard-SemiBold.otf in Resources */,
				6FDD59BB2B009EA000D7148D /* Assets.xcassets in Resources */,
				6FDD59D22B00ACBE00D7148D /* Pretendard-Medium.otf in Resources */,
			);
			runOnlyForDeploymentPostprocessing = 0;
		};
/* End PBXResourcesBuildPhase section */

/* Begin PBXSourcesBuildPhase section */
		6FDD59AF2B009E9E00D7148D /* Sources */ = {
			isa = PBXSourcesBuildPhase;
			buildActionMask = 2147483647;
			files = (
				6FDD59C82B00A00600D7148D /* FavoriteView.swift in Sources */,
				6FDD59B92B009E9E00D7148D /* ContentView.swift in Sources */,
				6FDD59DD2B00BE3E00D7148D /* TaskListItemView.swift in Sources */,
				6FA7B7C52B00C9750069602F /* CircleButton.swift in Sources */,
				6FF8073C2B02728400B2F956 /* TaskModel.swift in Sources */,
				6FDD59D92B00B12900D7148D /* Color.swift in Sources */,
				6FF8073E2B0272D700B2F956 /* TaskManager.swift in Sources */,
				6FDD59D72B00AF9600D7148D /* Font.swift in Sources */,
				6FDD59C62B009FF600D7148D /* MainView.swift in Sources */,
				6FDD59B72B009E9E00D7148D /* TodoApp.swift in Sources */,
				6FDD59CA2B00A0D400D7148D /* TaskEmptyView.swift in Sources */,
				6FA7B7C92B00DB860069602F /* TaskAddView.swift in Sources */,
			);
			runOnlyForDeploymentPostprocessing = 0;
		};
/* End PBXSourcesBuildPhase section */

/* Begin XCBuildConfiguration section */
		6FDD59BF2B009EA000D7148D /* Debug */ = {
			isa = XCBuildConfiguration;
			buildSettings = {
				ALWAYS_SEARCH_USER_PATHS = NO;
				ASSETCATALOG_COMPILER_GENERATE_SWIFT_ASSET_SYMBOL_EXTENSIONS = YES;
				CLANG_ANALYZER_NONNULL = YES;
				CLANG_ANALYZER_NUMBER_OBJECT_CONVERSION = YES_AGGRESSIVE;
				CLANG_CXX_LANGUAGE_STANDARD = "gnu++20";
				CLANG_ENABLE_MODULES = YES;
				CLANG_ENABLE_OBJC_ARC = YES;
				CLANG_ENABLE_OBJC_WEAK = YES;
				CLANG_WARN_BLOCK_CAPTURE_AUTORELEASING = YES;
				CLANG_WARN_BOOL_CONVERSION = YES;
				CLANG_WARN_COMMA = YES;
				CLANG_WARN_CONSTANT_CONVERSION = YES;
				CLANG_WARN_DEPRECATED_OBJC_IMPLEMENTATIONS = YES;
				CLANG_WARN_DIRECT_OBJC_ISA_USAGE = YES_ERROR;
				CLANG_WARN_DOCUMENTATION_COMMENTS = YES;
				CLANG_WARN_EMPTY_BODY = YES;
				CLANG_WARN_ENUM_CONVERSION = YES;
				CLANG_WARN_INFINITE_RECURSION = YES;
				CLANG_WARN_INT_CONVERSION = YES;
				CLANG_WARN_NON_LITERAL_NULL_CONVERSION = YES;
				CLANG_WARN_OBJC_IMPLICIT_RETAIN_SELF = YES;
				CLANG_WARN_OBJC_LITERAL_CONVERSION = YES;
				CLANG_WARN_OBJC_ROOT_CLASS = YES_ERROR;
				CLANG_WARN_QUOTED_INCLUDE_IN_FRAMEWORK_HEADER = YES;
				CLANG_WARN_RANGE_LOOP_ANALYSIS = YES;
				CLANG_WARN_STRICT_PROTOTYPES = YES;
				CLANG_WARN_SUSPICIOUS_MOVE = YES;
				CLANG_WARN_UNGUARDED_AVAILABILITY = YES_AGGRESSIVE;
				CLANG_WARN_UNREACHABLE_CODE = YES;
				CLANG_WARN__DUPLICATE_METHOD_MATCH = YES;
				COPY_PHASE_STRIP = NO;
				DEBUG_INFORMATION_FORMAT = dwarf;
				ENABLE_STRICT_OBJC_MSGSEND = YES;
				ENABLE_TESTABILITY = YES;
				ENABLE_USER_SCRIPT_SANDBOXING = YES;
				GCC_C_LANGUAGE_STANDARD = gnu17;
				GCC_DYNAMIC_NO_PIC = NO;
				GCC_NO_COMMON_BLOCKS = YES;
				GCC_OPTIMIZATION_LEVEL = 0;
				GCC_PREPROCESSOR_DEFINITIONS = (
					"DEBUG=1",
					"$(inherited)",
				);
				GCC_WARN_64_TO_32_BIT_CONVERSION = YES;
				GCC_WARN_ABOUT_RETURN_TYPE = YES_ERROR;
				GCC_WARN_UNDECLARED_SELECTOR = YES;
				GCC_WARN_UNINITIALIZED_AUTOS = YES_AGGRESSIVE;
				GCC_WARN_UNUSED_FUNCTION = YES;
				GCC_WARN_UNUSED_VARIABLE = YES;
				GENERATE_INFOPLIST_FILE = YES;
				IPHONEOS_DEPLOYMENT_TARGET = 16.0;
				LOCALIZATION_PREFERS_STRING_CATALOGS = YES;
				MTL_ENABLE_DEBUG_INFO = INCLUDE_SOURCE;
				MTL_FAST_MATH = YES;
				ONLY_ACTIVE_ARCH = YES;
				SDKROOT = iphoneos;
				SWIFT_ACTIVE_COMPILATION_CONDITIONS = "DEBUG $(inherited)";
				SWIFT_OPTIMIZATION_LEVEL = "-Onone";
			};
			name = Debug;
		};
		6FDD59C02B009EA000D7148D /* Release */ = {
			isa = XCBuildConfiguration;
			buildSettings = {
				ALWAYS_SEARCH_USER_PATHS = NO;
				ASSETCATALOG_COMPILER_GENERATE_SWIFT_ASSET_SYMBOL_EXTENSIONS = YES;
				CLANG_ANALYZER_NONNULL = YES;
				CLANG_ANALYZER_NUMBER_OBJECT_CONVERSION = YES_AGGRESSIVE;
				CLANG_CXX_LANGUAGE_STANDARD = "gnu++20";
				CLANG_ENABLE_MODULES = YES;
				CLANG_ENABLE_OBJC_ARC = YES;
				CLANG_ENABLE_OBJC_WEAK = YES;
				CLANG_WARN_BLOCK_CAPTURE_AUTORELEASING = YES;
				CLANG_WARN_BOOL_CONVERSION = YES;
				CLANG_WARN_COMMA = YES;
				CLANG_WARN_CONSTANT_CONVERSION = YES;
				CLANG_WARN_DEPRECATED_OBJC_IMPLEMENTATIONS = YES;
				CLANG_WARN_DIRECT_OBJC_ISA_USAGE = YES_ERROR;
				CLANG_WARN_DOCUMENTATION_COMMENTS = YES;
				CLANG_WARN_EMPTY_BODY = YES;
				CLANG_WARN_ENUM_CONVERSION = YES;
				CLANG_WARN_INFINITE_RECURSION = YES;
				CLANG_WARN_INT_CONVERSION = YES;
				CLANG_WARN_NON_LITERAL_NULL_CONVERSION = YES;
				CLANG_WARN_OBJC_IMPLICIT_RETAIN_SELF = YES;
				CLANG_WARN_OBJC_LITERAL_CONVERSION = YES;
				CLANG_WARN_OBJC_ROOT_CLASS = YES_ERROR;
				CLANG_WARN_QUOTED_INCLUDE_IN_FRAMEWORK_HEADER = YES;
				CLANG_WARN_RANGE_LOOP_ANALYSIS = YES;
				CLANG_WARN_STRICT_PROTOTYPES = YES;
				CLANG_WARN_SUSPICIOUS_MOVE = YES;
				CLANG_WARN_UNGUARDED_AVAILABILITY = YES_AGGRESSIVE;
				CLANG_WARN_UNREACHABLE_CODE = YES;
				CLANG_WARN__DUPLICATE_METHOD_MATCH = YES;
				COPY_PHASE_STRIP = NO;
				DEBUG_INFORMATION_FORMAT = "dwarf-with-dsym";
				ENABLE_NS_ASSERTIONS = NO;
				ENABLE_STRICT_OBJC_MSGSEND = YES;
				ENABLE_USER_SCRIPT_SANDBOXING = YES;
				GCC_C_LANGUAGE_STANDARD = gnu17;
				GCC_NO_COMMON_BLOCKS = YES;
				GCC_WARN_64_TO_32_BIT_CONVERSION = YES;
				GCC_WARN_ABOUT_RETURN_TYPE = YES_ERROR;
				GCC_WARN_UNDECLARED_SELECTOR = YES;
				GCC_WARN_UNINITIALIZED_AUTOS = YES_AGGRESSIVE;
				GCC_WARN_UNUSED_FUNCTION = YES;
				GCC_WARN_UNUSED_VARIABLE = YES;
				GENERATE_INFOPLIST_FILE = YES;
				IPHONEOS_DEPLOYMENT_TARGET = 16.0;
				LOCALIZATION_PREFERS_STRING_CATALOGS = YES;
				MTL_ENABLE_DEBUG_INFO = NO;
				MTL_FAST_MATH = YES;
				SDKROOT = iphoneos;
				SWIFT_COMPILATION_MODE = wholemodule;
				VALIDATE_PRODUCT = YES;
			};
			name = Release;
		};
		6FDD59C22B009EA000D7148D /* Debug */ = {
			isa = XCBuildConfiguration;
			buildSettings = {
				ASSETCATALOG_COMPILER_APPICON_NAME = AppIcon;
				ASSETCATALOG_COMPILER_GLOBAL_ACCENT_COLOR_NAME = AccentColor;
				CODE_SIGN_STYLE = Automatic;
				CURRENT_PROJECT_VERSION = 1;
				DEVELOPMENT_ASSET_PATHS = "\"Todo/Preview Content\"";
				DEVELOPMENT_TEAM = "";
				ENABLE_PREVIEWS = YES;
				GENERATE_INFOPLIST_FILE = YES;
				INFOPLIST_FILE = Todo/Info.plist;
				INFOPLIST_KEY_UIApplicationSceneManifest_Generation = YES;
				INFOPLIST_KEY_UIApplicationSupportsIndirectInputEvents = YES;
				INFOPLIST_KEY_UILaunchScreen_Generation = YES;
				INFOPLIST_KEY_UISupportedInterfaceOrientations_iPad = "UIInterfaceOrientationPortrait UIInterfaceOrientationPortraitUpsideDown UIInterfaceOrientationLandscapeLeft UIInterfaceOrientationLandscapeRight";
				INFOPLIST_KEY_UISupportedInterfaceOrientations_iPhone = "UIInterfaceOrientationPortrait UIInterfaceOrientationLandscapeLeft UIInterfaceOrientationLandscapeRight";
				LD_RUNPATH_SEARCH_PATHS = (
					"$(inherited)",
					"@executable_path/Frameworks",
				);
				MARKETING_VERSION = 1.0;
				PRODUCT_BUNDLE_IDENTIFIER = com.madc.todo;
				PRODUCT_NAME = "$(TARGET_NAME)";
				SWIFT_EMIT_LOC_STRINGS = YES;
				SWIFT_VERSION = 5.0;
				TARGETED_DEVICE_FAMILY = "1,2";
			};
			name = Debug;
		};
		6FDD59C32B009EA000D7148D /* Release */ = {
			isa = XCBuildConfiguration;
			buildSettings = {
				ASSETCATALOG_COMPILER_APPICON_NAME = AppIcon;
				ASSETCATALOG_COMPILER_GLOBAL_ACCENT_COLOR_NAME = AccentColor;
				CODE_SIGN_STYLE = Automatic;
				CURRENT_PROJECT_VERSION = 1;
				DEVELOPMENT_ASSET_PATHS = "\"Todo/Preview Content\"";
				DEVELOPMENT_TEAM = "";
				ENABLE_PREVIEWS = YES;
				GENERATE_INFOPLIST_FILE = YES;
				INFOPLIST_FILE = Todo/Info.plist;
				INFOPLIST_KEY_UIApplicationSceneManifest_Generation = YES;
				INFOPLIST_KEY_UIApplicationSupportsIndirectInputEvents = YES;
				INFOPLIST_KEY_UILaunchScreen_Generation = YES;
				INFOPLIST_KEY_UISupportedInterfaceOrientations_iPad = "UIInterfaceOrientationPortrait UIInterfaceOrientationPortraitUpsideDown UIInterfaceOrientationLandscapeLeft UIInterfaceOrientationLandscapeRight";
				INFOPLIST_KEY_UISupportedInterfaceOrientations_iPhone = "UIInterfaceOrientationPortrait UIInterfaceOrientationLandscapeLeft UIInterfaceOrientationLandscapeRight";
				LD_RUNPATH_SEARCH_PATHS = (
					"$(inherited)",
					"@executable_path/Frameworks",
				);
				MARKETING_VERSION = 1.0;
				PRODUCT_BUNDLE_IDENTIFIER = com.madc.todo;
				PRODUCT_NAME = "$(TARGET_NAME)";
				SWIFT_EMIT_LOC_STRINGS = YES;
				SWIFT_VERSION = 5.0;
				TARGETED_DEVICE_FAMILY = "1,2";
			};
			name = Release;
		};
/* End XCBuildConfiguration section */

/* Begin XCConfigurationList section */
		6FDD59AE2B009E9E00D7148D /* Build configuration list for PBXProject "Todo" */ = {
			isa = XCConfigurationList;
			buildConfigurations = (
				6FDD59BF2B009EA000D7148D /* Debug */,
				6FDD59C02B009EA000D7148D /* Release */,
			);
			defaultConfigurationIsVisible = 0;
			defaultConfigurationName = Release;
		};
		6FDD59C12B009EA000D7148D /* Build configuration list for PBXNativeTarget "Todo" */ = {
			isa = XCConfigurationList;
			buildConfigurations = (
				6FDD59C22B009EA000D7148D /* Debug */,
				6FDD59C32B009EA000D7148D /* Release */,
			);
			defaultConfigurationIsVisible = 0;
			defaultConfigurationName = Release;
		};
/* End XCConfigurationList section */
	};
	rootObject = 6FDD59AB2B009E9E00D7148D /* Project object */;
}
